{
  "nodes": {
    "darwin": {
      "inputs": {
        "nixpkgs": [
          "nixpkgs"
        ]
      },
      "locked": {
        "lastModified": 1690431538,
        "narHash": "sha256-Uml8ivMMOFPB9fNSDcw72imGHRdJpaK12sRm2DTLLe8=",
        "owner": "lnl7",
        "repo": "nix-darwin",
        "rev": "16c07487ac9bc59f58b121d13160c67befa3342e",
        "type": "github"
      },
      "original": {
        "owner": "lnl7",
        "repo": "nix-darwin",
        "type": "github"
      }
    },
    "home-manager": {
      "inputs": {
        "nixpkgs": [
          "nixpkgs"
        ]
      },
      "locked": {
        "lastModified": 1690790567,
        "narHash": "sha256-fymHCZFy+qjrNh+EZDHYEEtbZw1TvjtxtCBPBSWU7CM=",
        "owner": "nix-community",
        "repo": "home-manager",
        "rev": "729ab77f9e998e0989fa30140ecc91e738bc0cb1",
        "type": "github"
      },
      "original": {
        "owner": "nix-community",
        "repo": "home-manager",
        "type": "github"
      }
    },
    "nixpkgs": {
      "locked": {
        "lastModified": 1690640159,
        "narHash": "sha256-5DZUYnkeMOsVb/eqPYb9zns5YsnQXRJRC8Xx/nPMcno=",
        "owner": "nixos",
        "repo": "nixpkgs",
        "rev": "e6ab46982debeab9831236869539a507f670a129",
        "type": "github"
      },
      "original": {
        "owner": "nixos",
        "ref": "nixos-unstable",
        "repo": "nixpkgs",
        "type": "github"
      }
    },
    "root": {
      "inputs": {
        "darwin": "darwin",
        "home-manager": "home-manager",
        "nixpkgs": "nixpkgs"
      }
    }
  },
  "root": "root",
  "version": 7
}
